# This file is automatically @generated by Cargo.
# It is not intended for manual editing.
version = 3

[[package]]
name = "onboard-bridge-api"
version = "0.1.0"

[[package]]
name = "onboard-bridge-macos"
version = "0.1.0"
dependencies = [
 "onboard-bridge-api",
]

[[package]]
name = "onboard-bridge-windows"
version = "0.1.0"
dependencies = [
 "onboard-bridge-api",
]

[[package]]
name = "onboard-core"
version = "0.1.0"

[[package]]
name = "onboard-next"
version = "0.1.0"
dependencies = [
 "onboard-bridge-api",
 "onboard-bridge-macos",
 "onboard-bridge-windows",
 "onboard-core",
]
